
Microsoft Visual Studio Solution File, Format Version 12.00
# Visual Studio Version 16
VisualStudioVersion = 16.0.31019.35
MinimumVisualStudioVersion = 10.0.40219.1
Project("{FAE04EC0-301F-11D3-BF4B-00C04F79EFBC}") = "Calculator_StrategyPattern", "Calculator_StrategyPattern.csproj", "{42814510-03DA-4849-AFBC-79B7724CD0CF}"
EndProject
Global
	GlobalSection(SolutionConfigurationPlatforms) = preSolution
		Debug|Any CPU = Debug|Any CPU
		Release|Any CPU = Release|Any CPU
	EndGlobalSection
	GlobalSection(ProjectConfigurationPlatforms) = postSolution
		{42814510-03DA-4849-AFBC-79B7724CD0CF}.Debug|Any CPU.ActiveCfg = Debug|Any CPU
		{42814510-03DA-4849-AFBC-79B7724CD0CF}.Debug|Any CPU.Build.0 = Debug|Any CPU
		{42814510-03DA-4849-AFBC-79B7724CD0CF}.Release|Any CPU.ActiveCfg = Release|Any CPU
		{42814510-03DA-4849-AFBC-79B7724CD0CF}.Release|Any CPU.Build.0 = Release|Any CPU
	EndGlobalSection
	GlobalSection(SolutionProperties) = preSolution
		HideSolutionNode = FALSE
	EndGlobalSection
	GlobalSection(ExtensibilityGlobals) = postSolution
		SolutionGuid = {876DBB03-8C76-47B3-B746-A45A1B002207}
	EndGlobalSection
EndGlobal
